
Microsoft Visual Studio Solution File, Format Version 12.00
# Visual Studio Version 17
VisualStudioVersion = 17.0.31919.166
MinimumVisualStudioVersion = 10.0.40219.1
Project("{8BC9CEB8-8B4A-11D0-8D11-00A0C91BC942}") = "Matriz Memoria Dinamica", "Matriz Memoria Dinamica.vcxproj", "{EA40F288-CE99-4077-9FF0-92626B61440A}"
EndProject
Global
	GlobalSection(SolutionConfigurationPlatforms) = preSolution
		Debug|x64 = Debug|x64
		Debug|x86 = Debug|x86
		Release|x64 = Release|x64
		Release|x86 = Release|x86
	EndGlobalSection
	GlobalSection(ProjectConfigurationPlatforms) = postSolution
		{EA40F288-CE99-4077-9FF0-92626B61440A}.Debug|x64.ActiveCfg = Debug|x64
		{EA40F288-CE99-4077-9FF0-92626B61440A}.Debug|x64.Build.0 = Debug|x64
		{EA40F288-CE99-4077-9FF0-92626B61440A}.Debug|x86.ActiveCfg = Debug|Win32
		{EA40F288-CE99-4077-9FF0-92626B61440A}.Debug|x86.Build.0 = Debug|Win32
		{EA40F288-CE99-4077-9FF0-92626B61440A}.Release|x64.ActiveCfg = Release|x64
		{EA40F288-CE99-4077-9FF0-92626B61440A}.Release|x64.Build.0 = Release|x64
		{EA40F288-CE99-4077-9FF0-92626B61440A}.Release|x86.ActiveCfg = Release|Win32
		{EA40F288-CE99-4077-9FF0-92626B61440A}.Release|x86.Build.0 = Release|Win32
	EndGlobalSection
	GlobalSection(SolutionProperties) = preSolution
		HideSolutionNode = FALSE
	EndGlobalSection
	GlobalSection(ExtensibilityGlobals) = postSolution
		SolutionGuid = {C237BD53-7953-44B4-BB26-4140E7FF4BD8}
	EndGlobalSection
EndGlobal
